
Microsoft Visual Studio Solution File, Format Version 12.00
# Visual Studio Version 16
VisualStudioVersion = 16.0.30523.141
MinimumVisualStudioVersion = 10.0.40219.1
Project("{FAE04EC0-301F-11D3-BF4B-00C04F79EFBC}") = "MarketStore", "MarketStore\MarketStore.csproj", "{639D975F-2D30-4217-BA93-D39149AEF0D9}"
EndProject
Global
	GlobalSection(SolutionConfigurationPlatforms) = preSolution
		Debug|Any CPU = Debug|Any CPU
		Release|Any CPU = Release|Any CPU
	EndGlobalSection
	GlobalSection(ProjectConfigurationPlatforms) = postSolution
		{639D975F-2D30-4217-BA93-D39149AEF0D9}.Debug|Any CPU.ActiveCfg = Debug|Any CPU
		{639D975F-2D30-4217-BA93-D39149AEF0D9}.Debug|Any CPU.Build.0 = Debug|Any CPU
		{639D975F-2D30-4217-BA93-D39149AEF0D9}.Release|Any CPU.ActiveCfg = Release|Any CPU
		{639D975F-2D30-4217-BA93-D39149AEF0D9}.Release|Any CPU.Build.0 = Release|Any CPU
	EndGlobalSection
	GlobalSection(SolutionProperties) = preSolution
		HideSolutionNode = FALSE
	EndGlobalSection
	GlobalSection(ExtensibilityGlobals) = postSolution
		SolutionGuid = {92D16FFA-3B4F-472E-BA02-573CA348D1CA}
	EndGlobalSection
EndGlobal
